
Microsoft Visual Studio Solution File, Format Version 12.00
# Visual Studio Version 16
VisualStudioVersion = 16.0.29411.108
MinimumVisualStudioVersion = 10.0.40219.1
Project("{8BC9CEB8-8B4A-11D0-8D11-00A0C91BC942}") = "DziedziczeniePolimorficzne", "DziedziczeniePolimorficzne\DziedziczeniePolimorficzne.vcxproj", "{938726FE-446C-4B0F-AD63-433F5C0B5602}"
EndProject
Global
	GlobalSection(SolutionConfigurationPlatforms) = preSolution
		Debug|x64 = Debug|x64
		Debug|x86 = Debug|x86
		Release|x64 = Release|x64
		Release|x86 = Release|x86
	EndGlobalSection
	GlobalSection(ProjectConfigurationPlatforms) = postSolution
		{938726FE-446C-4B0F-AD63-433F5C0B5602}.Debug|x64.ActiveCfg = Debug|x64
		{938726FE-446C-4B0F-AD63-433F5C0B5602}.Debug|x64.Build.0 = Debug|x64
		{938726FE-446C-4B0F-AD63-433F5C0B5602}.Debug|x86.ActiveCfg = Debug|Win32
		{938726FE-446C-4B0F-AD63-433F5C0B5602}.Debug|x86.Build.0 = Debug|Win32
		{938726FE-446C-4B0F-AD63-433F5C0B5602}.Release|x64.ActiveCfg = Release|x64
		{938726FE-446C-4B0F-AD63-433F5C0B5602}.Release|x64.Build.0 = Release|x64
		{938726FE-446C-4B0F-AD63-433F5C0B5602}.Release|x86.ActiveCfg = Release|Win32
		{938726FE-446C-4B0F-AD63-433F5C0B5602}.Release|x86.Build.0 = Release|Win32
	EndGlobalSection
	GlobalSection(SolutionProperties) = preSolution
		HideSolutionNode = FALSE
	EndGlobalSection
	GlobalSection(ExtensibilityGlobals) = postSolution
		SolutionGuid = {553365A7-1EF3-4325-880B-41B1DBBDD67F}
	EndGlobalSection
EndGlobal
